
Microsoft Visual Studio Solution File, Format Version 12.00
# Visual Studio 15
VisualStudioVersion = 15.0.28307.271
MinimumVisualStudioVersion = 10.0.40219.1
Project("{FAE04EC0-301F-11D3-BF4B-00C04F79EFBC}") = "DataStructuresUsingCSharp", "DataStructuresUsingCSharp\DataStructuresUsingCSharp.csproj", "{86E290D6-05F8-495B-884D-3248A2AE2756}"
EndProject
Project("{FAE04EC0-301F-11D3-BF4B-00C04F79EFBC}") = "Sorting", "Sorting\Sorting.csproj", "{1643D440-6548-4DC6-B8C5-08A01728D818}"
EndProject
Global
	GlobalSection(SolutionConfigurationPlatforms) = preSolution
		Debug|Any CPU = Debug|Any CPU
		Release|Any CPU = Release|Any CPU
	EndGlobalSection
	GlobalSection(ProjectConfigurationPlatforms) = postSolution
		{86E290D6-05F8-495B-884D-3248A2AE2756}.Debug|Any CPU.ActiveCfg = Debug|Any CPU
		{86E290D6-05F8-495B-884D-3248A2AE2756}.Debug|Any CPU.Build.0 = Debug|Any CPU
		{86E290D6-05F8-495B-884D-3248A2AE2756}.Release|Any CPU.ActiveCfg = Release|Any CPU
		{86E290D6-05F8-495B-884D-3248A2AE2756}.Release|Any CPU.Build.0 = Release|Any CPU
		{1643D440-6548-4DC6-B8C5-08A01728D818}.Debug|Any CPU.ActiveCfg = Debug|Any CPU
		{1643D440-6548-4DC6-B8C5-08A01728D818}.Debug|Any CPU.Build.0 = Debug|Any CPU
		{1643D440-6548-4DC6-B8C5-08A01728D818}.Release|Any CPU.ActiveCfg = Release|Any CPU
		{1643D440-6548-4DC6-B8C5-08A01728D818}.Release|Any CPU.Build.0 = Release|Any CPU
	EndGlobalSection
	GlobalSection(SolutionProperties) = preSolution
		HideSolutionNode = FALSE
	EndGlobalSection
	GlobalSection(ExtensibilityGlobals) = postSolution
		SolutionGuid = {E618CB73-A592-4199-B9E9-3CF6DDF35854}
	EndGlobalSection
EndGlobal
